lockfileVersion: '9.0'

settings:
  autoInstallPeers: true
  excludeLinksFromLockfile: false

importers:

  .:
    dependencies:
      vscode-test-adapter-api:
        specifier: ^1.9.0
        version: 1.9.0
      vscode-test-adapter-util:
        specifier: ^0.7.1
        version: 0.7.1
    devDependencies:
      '@types/node':
        specifier: ~22.13.9
        version: 22.13.9
      '@types/vscode':
        specifier: ^1.63.0
        version: 1.91.0
      typescript:
        specifier: ^5.5.3
        version: 5.5.3

packages:

  '@types/node@22.13.9':
    resolution: {integrity: sha512-acBjXdRJ3A6Pb3tqnw9HZmyR3Fiol3aGxRCK1x3d+6CDAMjl7I649wpSd+yNURCjbOUGu9tqtLKnTGxmK6CyGw==}

  '@types/vscode@1.91.0':
    resolution: {integrity: sha512-PgPr+bUODjG3y+ozWUCyzttqR9EHny9sPAfJagddQjDwdtf66y2sDKJMnFZRuzBA2YtBGASqJGPil8VDUPvO6A==}

  tslib@1.14.1:
    resolution: {integrity: sha512-Xni35NKzjgMrwevysHTCArtLDpPvye8zV/0E4EyYn43P7/7qvQwPh9BGkHewbMulVntbigmcT7rdX3BNo9wRJg==}

  typescript@5.5.3:
    resolution: {integrity: sha512-/hreyEujaB0w76zKo6717l3L0o/qEUtRgdvUBvlkhoWeOVMjMuHNHk0BRBzikzuGDqNmPQbg5ifMEqsHLiIUcQ==}
    engines: {node: '>=14.17'}
    hasBin: true

  undici-types@6.20.0:
    resolution: {integrity: sha512-Ny6QZ2Nju20vw1SRHe3d9jVu6gJ+4e3+MMpqu7pqE5HT6WsTSlce++GQmK5UXS8mzV8DSYHrQH+Xrf2jVcuKNg==}

  vscode-test-adapter-api@1.9.0:
    resolution: {integrity: sha512-lltjehUP0J9H3R/HBctjlqeUCwn2t9Lbhj2Y500ib+j5Y4H3hw+hVTzuSsfw16LtxY37knlU39QIlasa7svzOQ==}
    engines: {vscode: ^1.23.0}

  vscode-test-adapter-util@0.7.1:
    resolution: {integrity: sha512-OZZvLDDNhayVVISyTmgUntOhMzl6j9/wVGfNqI2zuR5bQIziTQlDs9W29dFXDTGXZOxazS6uiHkrr86BKDzYUA==}
    engines: {vscode: ^1.24.0}

snapshots:

  '@types/node@22.13.9':
    dependencies:
      undici-types: 6.20.0

  '@types/vscode@1.91.0': {}

  tslib@1.14.1: {}

  typescript@5.5.3: {}

  undici-types@6.20.0: {}

  vscode-test-adapter-api@1.9.0: {}

  vscode-test-adapter-util@0.7.1:
    dependencies:
      tslib: 1.14.1
      vscode-test-adapter-api: 1.9.0
